
Microsoft Visual Studio Solution File, Format Version 12.00
# Visual Studio 14
VisualStudioVersion = 14.0.25420.1
MinimumVisualStudioVersion = 10.0.40219.1
Project("{FAE04EC0-301F-11D3-BF4B-00C04F79EFBC}") = "WindowsInputControl", "WindowsInputControl\WindowsInputControl.csproj", "{6C3AE887-D96E-4402-B8B3-730712BE5E8B}"
EndProject
Project("{FAE04EC0-301F-11D3-BF4B-00C04F79EFBC}") = "WindowsInputControlTests", "WindowsInputControlTests\WindowsInputControlTests.csproj", "{E858A980-FB5D-4306-90A2-AE5898E76274}"
EndProject
Project("{FAE04EC0-301F-11D3-BF4B-00C04F79EFBC}") = "WindowsInputLogger", "WindowsInputLogger\WindowsInputLogger.csproj", "{F31E1D5D-5013-483B-AF92-774302C358B7}"
EndProject
Global
	GlobalSection(SolutionConfigurationPlatforms) = preSolution
		Debug|Any CPU = Debug|Any CPU
		Release|Any CPU = Release|Any CPU
	EndGlobalSection
	GlobalSection(ProjectConfigurationPlatforms) = postSolution
		{6C3AE887-D96E-4402-B8B3-730712BE5E8B}.Debug|Any CPU.ActiveCfg = Debug|Any CPU
		{6C3AE887-D96E-4402-B8B3-730712BE5E8B}.Debug|Any CPU.Build.0 = Debug|Any CPU
		{6C3AE887-D96E-4402-B8B3-730712BE5E8B}.Release|Any CPU.ActiveCfg = Release|Any CPU
		{6C3AE887-D96E-4402-B8B3-730712BE5E8B}.Release|Any CPU.Build.0 = Release|Any CPU
		{E858A980-FB5D-4306-90A2-AE5898E76274}.Debug|Any CPU.ActiveCfg = Debug|Any CPU
		{E858A980-FB5D-4306-90A2-AE5898E76274}.Debug|Any CPU.Build.0 = Debug|Any CPU
		{E858A980-FB5D-4306-90A2-AE5898E76274}.Release|Any CPU.ActiveCfg = Release|Any CPU
		{E858A980-FB5D-4306-90A2-AE5898E76274}.Release|Any CPU.Build.0 = Release|Any CPU
		{F31E1D5D-5013-483B-AF92-774302C358B7}.Debug|Any CPU.ActiveCfg = Debug|Any CPU
		{F31E1D5D-5013-483B-AF92-774302C358B7}.Debug|Any CPU.Build.0 = Debug|Any CPU
		{F31E1D5D-5013-483B-AF92-774302C358B7}.Release|Any CPU.ActiveCfg = Release|Any CPU
		{F31E1D5D-5013-483B-AF92-774302C358B7}.Release|Any CPU.Build.0 = Release|Any CPU
	EndGlobalSection
	GlobalSection(SolutionProperties) = preSolution
		HideSolutionNode = FALSE
	EndGlobalSection
EndGlobal
